// !$*UTF8*$!
{
	archiveVersion = 1;
	classes = {
	};
	objectVersion = 50;
	objects = {

/* Begin PBXBuildFile section */
		0C0E1F0E21DD830D001B9452 /* AppDelegate.swift in Sources */ = {isa = PBXBuildFile; fileRef = 0C0E1F0D21DD830D001B9452 /* AppDelegate.swift */; };
		0C0E1F1021DD830D001B9452 /* BaseViewController.swift in Sources */ = {isa = PBXBuildFile; fileRef = 0C0E1F0F21DD830D001B9452 /* BaseViewController.swift */; };
		0C0E1F1321DD830D001B9452 /* Main.storyboard in Resources */ = {isa = PBXBuildFile; fileRef = 0C0E1F1121DD830D001B9452 /* Main.storyboard */; };
		0C0E1F1521DD830F001B9452 /* Assets.xcassets in Resources */ = {isa = PBXBuildFile; fileRef = 0C0E1F1421DD830F001B9452 /* Assets.xcassets */; };
		0C0E1F1821DD830F001B9452 /* LaunchScreen.storyboard in Resources */ = {isa = PBXBuildFile; fileRef = 0C0E1F1621DD830F001B9452 /* LaunchScreen.storyboard */; };
		0C0E1F2321DD830F001B9452 /* PaymentAppTests.swift in Sources */ = {isa = PBXBuildFile; fileRef = 0C0E1F2221DD830F001B9452 /* PaymentAppTests.swift */; };
		0C0E1F2E21DD830F001B9452 /* PaymentAppUITests.swift in Sources */ = {isa = PBXBuildFile; fileRef = 0C0E1F2D21DD830F001B9452 /* PaymentAppUITests.swift */; };
		0C0E1F3C21DD8828001B9452 /* AmountViewController.swift in Sources */ = {isa = PBXBuildFile; fileRef = 0C0E1F3B21DD8828001B9452 /* AmountViewController.swift */; };
		0C0E1F3E21DD8840001B9452 /* PaymentMethodViewController.swift in Sources */ = {isa = PBXBuildFile; fileRef = 0C0E1F3D21DD8840001B9452 /* PaymentMethodViewController.swift */; };
		0C0E1F4021DD884D001B9452 /* CardIssuersViewController.swift in Sources */ = {isa = PBXBuildFile; fileRef = 0C0E1F3F21DD884D001B9452 /* CardIssuersViewController.swift */; };
		0C0E1F4221DD88E9001B9452 /* InstallmentsViewController.swift in Sources */ = {isa = PBXBuildFile; fileRef = 0C0E1F4121DD88E9001B9452 /* InstallmentsViewController.swift */; };
		0C0E1F4421DD9608001B9452 /* money.json in Resources */ = {isa = PBXBuildFile; fileRef = 0C0E1F4321DD9608001B9452 /* money.json */; };
		0C18559D21E418BB00FB888F /* Modal.swift in Sources */ = {isa = PBXBuildFile; fileRef = 0C18559C21E418BB00FB888F /* Modal.swift */; };
		0C18559F21E419F200FB888F /* FinalAlertView.swift in Sources */ = {isa = PBXBuildFile; fileRef = 0C18559E21E419F200FB888F /* FinalAlertView.swift */; };
		0C1855A121E41B4D00FB888F /* FinalAlertView.xib in Resources */ = {isa = PBXBuildFile; fileRef = 0C1855A021E41B4D00FB888F /* FinalAlertView.xib */; };
		0C1855A421E42AE300FB888F /* ErrorAlertView.swift in Sources */ = {isa = PBXBuildFile; fileRef = 0C1855A321E42AE300FB888F /* ErrorAlertView.swift */; };
		0C1855A621E42B0800FB888F /* ErrorAlertView.xib in Resources */ = {isa = PBXBuildFile; fileRef = 0C1855A521E42B0800FB888F /* ErrorAlertView.xib */; };
		0C1855AA21E438B900FB888F /* Localizable.strings in Resources */ = {isa = PBXBuildFile; fileRef = 0C1855A921E438B900FB888F /* Localizable.strings */; };
		0C1CB75821DED02F0076B1BC /* NetworkAPIManager.swift in Sources */ = {isa = PBXBuildFile; fileRef = 0C1CB75721DED02F0076B1BC /* NetworkAPIManager.swift */; };
		0C1CB75B21DED6DD0076B1BC /* ResponseObjects.swift in Sources */ = {isa = PBXBuildFile; fileRef = 0C1CB75A21DED6DD0076B1BC /* ResponseObjects.swift */; };
		0C1CB75D21DED6EB0076B1BC /* RequestObjects.swift in Sources */ = {isa = PBXBuildFile; fileRef = 0C1CB75C21DED6EB0076B1BC /* RequestObjects.swift */; };
		0C1CB76621E0FECB0076B1BC /* PaymentMethodCollectionViewCell.swift in Sources */ = {isa = PBXBuildFile; fileRef = 0C1CB76521E0FECB0076B1BC /* PaymentMethodCollectionViewCell.swift */; };
		0C1CB76821E2A9350076B1BC /* InstallmentTableViewCell.swift in Sources */ = {isa = PBXBuildFile; fileRef = 0C1CB76721E2A9350076B1BC /* InstallmentTableViewCell.swift */; };
		62CACA77628C861EF5BF0204 /* Pods_PaymentAppTests.framework in Frameworks */ = {isa = PBXBuildFile; fileRef = 599571978898CBF68FEC4896 /* Pods_PaymentAppTests.framework */; };
		C73FE223B4CF030790DABB0B /* Pods_PaymentApp.framework in Frameworks */ = {isa = PBXBuildFile; fileRef = C8951A2C55B62F134DE0A8F7 /* Pods_PaymentApp.framework */; };
		CFAA87E927902A30CF3F5A75 /* Pods_PaymentAppUITests.framework in Frameworks */ = {isa = PBXBuildFile; fileRef = 93882F570B4EE600B1BBC7ED /* Pods_PaymentAppUITests.framework */; };
/* End PBXBuildFile section */

/* Begin PBXContainerItemProxy section */
		0C0E1F1F21DD830F001B9452 /* PBXContainerItemProxy */ = {
			isa = PBXContainerItemProxy;
			containerPortal = 0C0E1F0221DD830D001B9452 /* Project object */;
			proxyType = 1;
			remoteGlobalIDString = 0C0E1F0921DD830D001B9452;
			remoteInfo = PaymentApp;
		};
		0C0E1F2A21DD830F001B9452 /* PBXContainerItemProxy */ = {
			isa = PBXContainerItemProxy;
			containerPortal = 0C0E1F0221DD830D001B9452 /* Project object */;
			proxyType = 1;
			remoteGlobalIDString = 0C0E1F0921DD830D001B9452;
			remoteInfo = PaymentApp;
		};
/* End PBXContainerItemProxy section */

/* Begin PBXFileReference section */
		0C0E1F0A21DD830D001B9452 /* PaymentApp.app */ = {isa = PBXFileReference; explicitFileType = wrapper.application; includeInIndex = 0; path = PaymentApp.app; sourceTree = BUILT_PRODUCTS_DIR; };
		0C0E1F0D21DD830D001B9452 /* AppDelegate.swift */ = {isa = PBXFileReference; lastKnownFileType = sourcecode.swift; path = AppDelegate.swift; sourceTree = "<group>"; };
		0C0E1F0F21DD830D001B9452 /* BaseViewController.swift */ = {isa = PBXFileReference; lastKnownFileType = sourcecode.swift; path = BaseViewController.swift; sourceTree = "<group>"; };
		0C0E1F1221DD830D001B9452 /* Base */ = {isa = PBXFileReference; lastKnownFileType = file.storyboard; name = Base; path = Base.lproj/Main.storyboard; sourceTree = "<group>"; };
		0C0E1F1421DD830F001B9452 /* Assets.xcassets */ = {isa = PBXFileReference; lastKnownFileType = folder.assetcatalog; path = Assets.xcassets; sourceTree = "<group>"; };
		0C0E1F1721DD830F001B9452 /* Base */ = {isa = PBXFileReference; lastKnownFileType = file.storyboard; name = Base; path = Base.lproj/LaunchScreen.storyboard; sourceTree = "<group>"; };
		0C0E1F1921DD830F001B9452 /* Info.plist */ = {isa = PBXFileReference; lastKnownFileType = text.plist.xml; path = Info.plist; sourceTree = "<group>"; };
		0C0E1F1E21DD830F001B9452 /* PaymentAppTests.xctest */ = {isa = PBXFileReference; explicitFileType = wrapper.cfbundle; includeInIndex = 0; path = PaymentAppTests.xctest; sourceTree = BUILT_PRODUCTS_DIR; };
		0C0E1F2221DD830F001B9452 /* PaymentAppTests.swift */ = {isa = PBXFileReference; lastKnownFileType = sourcecode.swift; path = PaymentAppTests.swift; sourceTree = "<group>"; };
		0C0E1F2421DD830F001B9452 /* Info.plist */ = {isa = PBXFileReference; lastKnownFileType = text.plist.xml; path = Info.plist; sourceTree = "<group>"; };
		0C0E1F2921DD830F001B9452 /* PaymentAppUITests.xctest */ = {isa = PBXFileReference; explicitFileType = wrapper.cfbundle; includeInIndex = 0; path = PaymentAppUITests.xctest; sourceTree = BUILT_PRODUCTS_DIR; };
		0C0E1F2D21DD830F001B9452 /* PaymentAppUITests.swift */ = {isa = PBXFileReference; lastKnownFileType = sourcecode.swift; path = PaymentAppUITests.swift; sourceTree = "<group>"; };
		0C0E1F2F21DD830F001B9452 /* Info.plist */ = {isa = PBXFileReference; lastKnownFileType = text.plist.xml; path = Info.plist; sourceTree = "<group>"; };
		0C0E1F3B21DD8828001B9452 /* AmountViewController.swift */ = {isa = PBXFileReference; lastKnownFileType = sourcecode.swift; path = AmountViewController.swift; sourceTree = "<group>"; };
		0C0E1F3D21DD8840001B9452 /* PaymentMethodViewController.swift */ = {isa = PBXFileReference; lastKnownFileType = sourcecode.swift; path = PaymentMethodViewController.swift; sourceTree = "<group>"; };
		0C0E1F3F21DD884D001B9452 /* CardIssuersViewController.swift */ = {isa = PBXFileReference; lastKnownFileType = sourcecode.swift; path = CardIssuersViewController.swift; sourceTree = "<group>"; };
		0C0E1F4121DD88E9001B9452 /* InstallmentsViewController.swift */ = {isa = PBXFileReference; lastKnownFileType = sourcecode.swift; path = InstallmentsViewController.swift; sourceTree = "<group>"; };
		0C0E1F4321DD9608001B9452 /* money.json */ = {isa = PBXFileReference; fileEncoding = 4; lastKnownFileType = text.json; path = money.json; sourceTree = "<group>"; };
		0C18559C21E418BB00FB888F /* Modal.swift */ = {isa = PBXFileReference; fileEncoding = 4; lastKnownFileType = sourcecode.swift; path = Modal.swift; sourceTree = "<group>"; };
		0C18559E21E419F200FB888F /* FinalAlertView.swift */ = {isa = PBXFileReference; lastKnownFileType = sourcecode.swift; path = FinalAlertView.swift; sourceTree = "<group>"; };
		0C1855A021E41B4D00FB888F /* FinalAlertView.xib */ = {isa = PBXFileReference; lastKnownFileType = file.xib; path = FinalAlertView.xib; sourceTree = "<group>"; };
		0C1855A321E42AE300FB888F /* ErrorAlertView.swift */ = {isa = PBXFileReference; lastKnownFileType = sourcecode.swift; path = ErrorAlertView.swift; sourceTree = "<group>"; };
		0C1855A521E42B0800FB888F /* ErrorAlertView.xib */ = {isa = PBXFileReference; lastKnownFileType = file.xib; path = ErrorAlertView.xib; sourceTree = "<group>"; };
		0C1855A721E437F300FB888F /* es-419 */ = {isa = PBXFileReference; lastKnownFileType = text.plist.strings; name = "es-419"; path = "es-419.lproj/Main.strings"; sourceTree = "<group>"; };
		0C1855A821E437F300FB888F /* es-419 */ = {isa = PBXFileReference; lastKnownFileType = text.plist.strings; name = "es-419"; path = "es-419.lproj/LaunchScreen.strings"; sourceTree = "<group>"; };
		0C1855A921E438B900FB888F /* Localizable.strings */ = {isa = PBXFileReference; lastKnownFileType = text.plist.strings; path = Localizable.strings; sourceTree = "<group>"; };
		0C1CB75721DED02F0076B1BC /* NetworkAPIManager.swift */ = {isa = PBXFileReference; lastKnownFileType = sourcecode.swift; path = NetworkAPIManager.swift; sourceTree = "<group>"; };
		0C1CB75A21DED6DD0076B1BC /* ResponseObjects.swift */ = {isa = PBXFileReference; lastKnownFileType = sourcecode.swift; path = ResponseObjects.swift; sourceTree = "<group>"; };
		0C1CB75C21DED6EB0076B1BC /* RequestObjects.swift */ = {isa = PBXFileReference; lastKnownFileType = sourcecode.swift; path = RequestObjects.swift; sourceTree = "<group>"; };
		0C1CB76521E0FECB0076B1BC /* PaymentMethodCollectionViewCell.swift */ = {isa = PBXFileReference; lastKnownFileType = sourcecode.swift; path = PaymentMethodCollectionViewCell.swift; sourceTree = "<group>"; };
		0C1CB76721E2A9350076B1BC /* InstallmentTableViewCell.swift */ = {isa = PBXFileReference; lastKnownFileType = sourcecode.swift; path = InstallmentTableViewCell.swift; sourceTree = "<group>"; };
		3DB490C290BE48EF90DD0681 /* Pods-PaymentAppTests.release.xcconfig */ = {isa = PBXFileReference; includeInIndex = 1; lastKnownFileType = text.xcconfig; name = "Pods-PaymentAppTests.release.xcconfig"; path = "Pods/Target Support Files/Pods-PaymentAppTests/Pods-PaymentAppTests.release.xcconfig"; sourceTree = "<group>"; };
		599571978898CBF68FEC4896 /* Pods_PaymentAppTests.framework */ = {isa = PBXFileReference; explicitFileType = wrapper.framework; includeInIndex = 0; path = Pods_PaymentAppTests.framework; sourceTree = BUILT_PRODUCTS_DIR; };
		7EBB90B9F58B9CFCBE876834 /* Pods-PaymentAppUITests.debug.xcconfig */ = {isa = PBXFileReference; includeInIndex = 1; lastKnownFileType = text.xcconfig; name = "Pods-PaymentAppUITests.debug.xcconfig"; path = "Pods/Target Support Files/Pods-PaymentAppUITests/Pods-PaymentAppUITests.debug.xcconfig"; sourceTree = "<group>"; };
		902149D50BB5FF2331DDC41C /* Pods-PaymentApp.release.xcconfig */ = {isa = PBXFileReference; includeInIndex = 1; lastKnownFileType = text.xcconfig; name = "Pods-PaymentApp.release.xcconfig"; path = "Pods/Target Support Files/Pods-PaymentApp/Pods-PaymentApp.release.xcconfig"; sourceTree = "<group>"; };
		93882F570B4EE600B1BBC7ED /* Pods_PaymentAppUITests.framework */ = {isa = PBXFileReference; explicitFileType = wrapper.framework; includeInIndex = 0; path = Pods_PaymentAppUITests.framework; sourceTree = BUILT_PRODUCTS_DIR; };
		A612EEF3C52CC5FEC4D65F34 /* Pods-PaymentAppUITests.release.xcconfig */ = {isa = PBXFileReference; includeInIndex = 1; lastKnownFileType = text.xcconfig; name = "Pods-PaymentAppUITests.release.xcconfig"; path = "Pods/Target Support Files/Pods-PaymentAppUITests/Pods-PaymentAppUITests.release.xcconfig"; sourceTree = "<group>"; };
		C7D770CB9F587C04C6714639 /* Pods-PaymentAppTests.debug.xcconfig */ = {isa = PBXFileReference; includeInIndex = 1; lastKnownFileType = text.xcconfig; name = "Pods-PaymentAppTests.debug.xcconfig"; path = "Pods/Target Support Files/Pods-PaymentAppTests/Pods-PaymentAppTests.debug.xcconfig"; sourceTree = "<group>"; };
		C8951A2C55B62F134DE0A8F7 /* Pods_PaymentApp.framework */ = {isa = PBXFileReference; explicitFileType = wrapper.framework; includeInIndex = 0; path = Pods_PaymentApp.framework; sourceTree = BUILT_PRODUCTS_DIR; };
		F200FE53FBDE0CC2664A90C2 /* Pods-PaymentApp.debug.xcconfig */ = {isa = PBXFileReference; includeInIndex = 1; lastKnownFileType = text.xcconfig; name = "Pods-PaymentApp.debug.xcconfig"; path = "Pods/Target Support Files/Pods-PaymentApp/Pods-PaymentApp.debug.xcconfig"; sourceTree = "<group>"; };
/* End PBXFileReference section */

/* Begin PBXFrameworksBuildPhase section */
		0C0E1F0721DD830D001B9452 /* Frameworks */ = {
			isa = PBXFrameworksBuildPhase;
			buildActionMask = 2147483647;
			files = (
				C73FE223B4CF030790DABB0B /* Pods_PaymentApp.framework in Frameworks */,
			);
			runOnlyForDeploymentPostprocessing = 0;
		};
		0C0E1F1B21DD830F001B9452 /* Frameworks */ = {
			isa = PBXFrameworksBuildPhase;
			buildActionMask = 2147483647;
			files = (
				62CACA77628C861EF5BF0204 /* Pods_PaymentAppTests.framework in Frameworks */,
			);
			runOnlyForDeploymentPostprocessing = 0;
		};
		0C0E1F2621DD830F001B9452 /* Frameworks */ = {
			isa = PBXFrameworksBuildPhase;
			buildActionMask = 2147483647;
			files = (
				CFAA87E927902A30CF3F5A75 /* Pods_PaymentAppUITests.framework in Frameworks */,
			);
			runOnlyForDeploymentPostprocessing = 0;
		};
/* End PBXFrameworksBuildPhase section */

/* Begin PBXGroup section */
		0C0E1F0121DD830D001B9452 = {
			isa = PBXGroup;
			children = (
				0C0E1F0C21DD830D001B9452 /* PaymentApp */,
				0C0E1F2121DD830F001B9452 /* PaymentAppTests */,
				0C0E1F2C21DD830F001B9452 /* PaymentAppUITests */,
				0C0E1F0B21DD830D001B9452 /* Products */,
				93BB7216A321DE4B239519B0 /* Pods */,
				C17E5C6C28CDAE13E5F60E83 /* Frameworks */,
			);
			sourceTree = "<group>";
		};
		0C0E1F0B21DD830D001B9452 /* Products */ = {
			isa = PBXGroup;
			children = (
				0C0E1F0A21DD830D001B9452 /* PaymentApp.app */,
				0C0E1F1E21DD830F001B9452 /* PaymentAppTests.xctest */,
				0C0E1F2921DD830F001B9452 /* PaymentAppUITests.xctest */,
			);
			name = Products;
			sourceTree = "<group>";
		};
		0C0E1F0C21DD830D001B9452 /* PaymentApp */ = {
			isa = PBXGroup;
			children = (
				0C18559B21E4188300FB888F /* Util */,
				0C1CB75921DED6B40076B1BC /* NetworkManager */,
				0C1CB75621DECFC00076B1BC /* Animations */,
				0C1CB75521DECFA30076B1BC /* ViewControllers */,
				0C0E1F0D21DD830D001B9452 /* AppDelegate.swift */,
				0C0E1F1121DD830D001B9452 /* Main.storyboard */,
				0C0E1F1421DD830F001B9452 /* Assets.xcassets */,
				0C0E1F1621DD830F001B9452 /* LaunchScreen.storyboard */,
				0C0E1F1921DD830F001B9452 /* Info.plist */,
			);
			path = PaymentApp;
			sourceTree = "<group>";
		};
		0C0E1F2121DD830F001B9452 /* PaymentAppTests */ = {
			isa = PBXGroup;
			children = (
				0C0E1F2221DD830F001B9452 /* PaymentAppTests.swift */,
				0C0E1F2421DD830F001B9452 /* Info.plist */,
			);
			path = PaymentAppTests;
			sourceTree = "<group>";
		};
		0C0E1F2C21DD830F001B9452 /* PaymentAppUITests */ = {
			isa = PBXGroup;
			children = (
				0C0E1F2D21DD830F001B9452 /* PaymentAppUITests.swift */,
				0C0E1F2F21DD830F001B9452 /* Info.plist */,
			);
			path = PaymentAppUITests;
			sourceTree = "<group>";
		};
		0C18559B21E4188300FB888F /* Util */ = {
			isa = PBXGroup;
			children = (
				0C1855A221E42AC100FB888F /* AlertViews */,
				0C18559C21E418BB00FB888F /* Modal.swift */,
				0C1855A921E438B900FB888F /* Localizable.strings */,
			);
			path = Util;
			sourceTree = "<group>";
		};
		0C1855A221E42AC100FB888F /* AlertViews */ = {
			isa = PBXGroup;
			children = (
				0C18559E21E419F200FB888F /* FinalAlertView.swift */,
				0C1855A021E41B4D00FB888F /* FinalAlertView.xib */,
				0C1855A321E42AE300FB888F /* ErrorAlertView.swift */,
				0C1855A521E42B0800FB888F /* ErrorAlertView.xib */,
			);
			path = AlertViews;
			sourceTree = "<group>";
		};
		0C1CB75521DECFA30076B1BC /* ViewControllers */ = {
			isa = PBXGroup;
			children = (
				0C1CB76421E0FEAB0076B1BC /* Cells */,
				0C0E1F0F21DD830D001B9452 /* BaseViewController.swift */,
				0C0E1F3B21DD8828001B9452 /* AmountViewController.swift */,
				0C0E1F3D21DD8840001B9452 /* PaymentMethodViewController.swift */,
				0C0E1F3F21DD884D001B9452 /* CardIssuersViewController.swift */,
				0C0E1F4121DD88E9001B9452 /* InstallmentsViewController.swift */,
			);
			path = ViewControllers;
			sourceTree = "<group>";
		};
		0C1CB75621DECFC00076B1BC /* Animations */ = {
			isa = PBXGroup;
			children = (
				0C0E1F4321DD9608001B9452 /* money.json */,
			);
			path = Animations;
			sourceTree = "<group>";
		};
		0C1CB75921DED6B40076B1BC /* NetworkManager */ = {
			isa = PBXGroup;
			children = (
				0C1CB75721DED02F0076B1BC /* NetworkAPIManager.swift */,
				0C1CB75A21DED6DD0076B1BC /* ResponseObjects.swift */,
				0C1CB75C21DED6EB0076B1BC /* RequestObjects.swift */,
			);
			path = NetworkManager;
			sourceTree = "<group>";
		};
		0C1CB76421E0FEAB0076B1BC /* Cells */ = {
			isa = PBXGroup;
			children = (
				0C1CB76521E0FECB0076B1BC /* PaymentMethodCollectionViewCell.swift */,
				0C1CB76721E2A9350076B1BC /* InstallmentTableViewCell.swift */,
			);
			path = Cells;
			sourceTree = "<group>";
		};
		93BB7216A321DE4B239519B0 /* Pods */ = {
			isa = PBXGroup;
			children = (
				F200FE53FBDE0CC2664A90C2 /* Pods-PaymentApp.debug.xcconfig */,
				902149D50BB5FF2331DDC41C /* Pods-PaymentApp.release.xcconfig */,
				C7D770CB9F587C04C6714639 /* Pods-PaymentAppTests.debug.xcconfig */,
				3DB490C290BE48EF90DD0681 /* Pods-PaymentAppTests.release.xcconfig */,
				7EBB90B9F58B9CFCBE876834 /* Pods-PaymentAppUITests.debug.xcconfig */,
				A612EEF3C52CC5FEC4D65F34 /* Pods-PaymentAppUITests.release.xcconfig */,
			);
			name = Pods;
			sourceTree = "<group>";
		};
		C17E5C6C28CDAE13E5F60E83 /* Frameworks */ = {
			isa = PBXGroup;
			children = (
				C8951A2C55B62F134DE0A8F7 /* Pods_PaymentApp.framework */,
				599571978898CBF68FEC4896 /* Pods_PaymentAppTests.framework */,
				93882F570B4EE600B1BBC7ED /* Pods_PaymentAppUITests.framework */,
			);
			name = Frameworks;
			sourceTree = "<group>";
		};
/* End PBXGroup section */

/* Begin PBXNativeTarget section */
		0C0E1F0921DD830D001B9452 /* PaymentApp */ = {
			isa = PBXNativeTarget;
			buildConfigurationList = 0C0E1F3221DD830F001B9452 /* Build configuration list for PBXNativeTarget "PaymentApp" */;
			buildPhases = (
				12AD4DED7AFCFE169197B977 /* [CP] Check Pods Manifest.lock */,
				0C0E1F0621DD830D001B9452 /* Sources */,
				0C0E1F0721DD830D001B9452 /* Frameworks */,
				0C0E1F0821DD830D001B9452 /* Resources */,
				65DC3A23567006009EBB68FC /* [CP] Embed Pods Frameworks */,
			);
			buildRules = (
			);
			dependencies = (
			);
			name = PaymentApp;
			productName = PaymentApp;
			productReference = 0C0E1F0A21DD830D001B9452 /* PaymentApp.app */;
			productType = "com.apple.product-type.application";
		};
		0C0E1F1D21DD830F001B9452 /* PaymentAppTests */ = {
			isa = PBXNativeTarget;
			buildConfigurationList = 0C0E1F3521DD830F001B9452 /* Build configuration list for PBXNativeTarget "PaymentAppTests" */;
			buildPhases = (
				490B71332A083FA4CA495F23 /* [CP] Check Pods Manifest.lock */,
				0C0E1F1A21DD830F001B9452 /* Sources */,
				0C0E1F1B21DD830F001B9452 /* Frameworks */,
				0C0E1F1C21DD830F001B9452 /* Resources */,
			);
			buildRules = (
			);
			dependencies = (
				0C0E1F2021DD830F001B9452 /* PBXTargetDependency */,
			);
			name = PaymentAppTests;
			productName = PaymentAppTests;
			productReference = 0C0E1F1E21DD830F001B9452 /* PaymentAppTests.xctest */;
			productType = "com.apple.product-type.bundle.unit-test";
		};
		0C0E1F2821DD830F001B9452 /* PaymentAppUITests */ = {
			isa = PBXNativeTarget;
			buildConfigurationList = 0C0E1F3821DD830F001B9452 /* Build configuration list for PBXNativeTarget "PaymentAppUITests" */;
			buildPhases = (
				96F3DEB386E2822438C38C37 /* [CP] Check Pods Manifest.lock */,
				0C0E1F2521DD830F001B9452 /* Sources */,
				0C0E1F2621DD830F001B9452 /* Frameworks */,
				0C0E1F2721DD830F001B9452 /* Resources */,
			);
			buildRules = (
			);
			dependencies = (
				0C0E1F2B21DD830F001B9452 /* PBXTargetDependency */,
			);
			name = PaymentAppUITests;
			productName = PaymentAppUITests;
			productReference = 0C0E1F2921DD830F001B9452 /* PaymentAppUITests.xctest */;
			productType = "com.apple.product-type.bundle.ui-testing";
		};
/* End PBXNativeTarget section */

/* Begin PBXProject section */
		0C0E1F0221DD830D001B9452 /* Project object */ = {
			isa = PBXProject;
			attributes = {
				LastSwiftUpdateCheck = 1010;
				LastUpgradeCheck = 1010;
				ORGANIZATIONNAME = Mavzapps;
				TargetAttributes = {
					0C0E1F0921DD830D001B9452 = {
						CreatedOnToolsVersion = 10.1;
					};
					0C0E1F1D21DD830F001B9452 = {
						CreatedOnToolsVersion = 10.1;
						TestTargetID = 0C0E1F0921DD830D001B9452;
					};
					0C0E1F2821DD830F001B9452 = {
						CreatedOnToolsVersion = 10.1;
						TestTargetID = 0C0E1F0921DD830D001B9452;
					};
				};
			};
			buildConfigurationList = 0C0E1F0521DD830D001B9452 /* Build configuration list for PBXProject "PaymentApp" */;
			compatibilityVersion = "Xcode 9.3";
			developmentRegion = en;
			hasScannedForEncodings = 0;
			knownRegions = (
				en,
				Base,
			);
			mainGroup = 0C0E1F0121DD830D001B9452;
			productRefGroup = 0C0E1F0B21DD830D001B9452 /* Products */;
			projectDirPath = "";
			projectRoot = "";
			targets = (
				0C0E1F0921DD830D001B9452 /* PaymentApp */,
				0C0E1F1D21DD830F001B9452 /* PaymentAppTests */,
				0C0E1F2821DD830F001B9452 /* PaymentAppUITests */,
			);
		};
/* End PBXProject section */

/* Begin PBXResourcesBuildPhase section */
		0C0E1F0821DD830D001B9452 /* Resources */ = {
			isa = PBXResourcesBuildPhase;
			buildActionMask = 2147483647;
			files = (
				0C0E1F1821DD830F001B9452 /* LaunchScreen.storyboard in Resources */,
				0C0E1F1521DD830F001B9452 /* Assets.xcassets in Resources */,
				0C1855A621E42B0800FB888F /* ErrorAlertView.xib in Resources */,
				0C1855AA21E438B900FB888F /* Localizable.strings in Resources */,
				0C0E1F4421DD9608001B9452 /* money.json in Resources */,
				0C1855A121E41B4D00FB888F /* FinalAlertView.xib in Resources */,
				0C0E1F1321DD830D001B9452 /* Main.storyboard in Resources */,
			);
			runOnlyForDeploymentPostprocessing = 0;
		};
		0C0E1F1C21DD830F001B9452 /* Resources */ = {
			isa = PBXResourcesBuildPhase;
			buildActionMask = 2147483647;
			files = (
			);
			runOnlyForDeploymentPostprocessing = 0;
		};
		0C0E1F2721DD830F001B9452 /* Resources */ = {
			isa = PBXResourcesBuildPhase;
			buildActionMask = 2147483647;
			files = (
			);
			runOnlyForDeploymentPostprocessing = 0;
		};
/* End PBXResourcesBuildPhase section */

/* Begin PBXShellScriptBuildPhase section */
		12AD4DED7AFCFE169197B977 /* [CP] Check Pods Manifest.lock */ = {
			isa = PBXShellScriptBuildPhase;
			buildActionMask = 2147483647;
			files = (
			);
			inputPaths = (
				"${PODS_PODFILE_DIR_PATH}/Podfile.lock",
				"${PODS_ROOT}/Manifest.lock",
			);
			name = "[CP] Check Pods Manifest.lock";
			outputPaths = (
				"$(DERIVED_FILE_DIR)/Pods-PaymentApp-checkManifestLockResult.txt",
			);
			runOnlyForDeploymentPostprocessing = 0;
			shellPath = /bin/sh;
			shellScript = "diff \"${PODS_PODFILE_DIR_PATH}/Podfile.lock\" \"${PODS_ROOT}/Manifest.lock\" > /dev/null\nif [ $? != 0 ] ; then\n    # print error to STDERR\n    echo \"error: The sandbox is not in sync with the Podfile.lock. Run 'pod install' or update your CocoaPods installation.\" >&2\n    exit 1\nfi\n# This output is used by Xcode 'outputs' to avoid re-running this script phase.\necho \"SUCCESS\" > \"${SCRIPT_OUTPUT_FILE_0}\"\n";
			showEnvVarsInLog = 0;
		};
		490B71332A083FA4CA495F23 /* [CP] Check Pods Manifest.lock */ = {
			isa = PBXShellScriptBuildPhase;
			buildActionMask = 2147483647;
			files = (
			);
			inputPaths = (
				"${PODS_PODFILE_DIR_PATH}/Podfile.lock",
				"${PODS_ROOT}/Manifest.lock",
			);
			name = "[CP] Check Pods Manifest.lock";
			outputPaths = (
				"$(DERIVED_FILE_DIR)/Pods-PaymentAppTests-checkManifestLockResult.txt",
			);
			runOnlyForDeploymentPostprocessing = 0;
			shellPath = /bin/sh;
			shellScript = "diff \"${PODS_PODFILE_DIR_PATH}/Podfile.lock\" \"${PODS_ROOT}/Manifest.lock\" > /dev/null\nif [ $? != 0 ] ; then\n    # print error to STDERR\n    echo \"error: The sandbox is not in sync with the Podfile.lock. Run 'pod install' or update your CocoaPods installation.\" >&2\n    exit 1\nfi\n# This output is used by Xcode 'outputs' to avoid re-running this script phase.\necho \"SUCCESS\" > \"${SCRIPT_OUTPUT_FILE_0}\"\n";
			showEnvVarsInLog = 0;
		};
		65DC3A23567006009EBB68FC /* [CP] Embed Pods Frameworks */ = {
			isa = PBXShellScriptBuildPhase;
			buildActionMask = 2147483647;
			files = (
			);
			inputPaths = (
				"${SRCROOT}/Pods/Target Support Files/Pods-PaymentApp/Pods-PaymentApp-frameworks.sh",
				"${BUILT_PRODUCTS_DIR}/Alamofire/Alamofire.framework",
				"${BUILT_PRODUCTS_DIR}/AlamofireImage/AlamofireImage.framework",
				"${BUILT_PRODUCTS_DIR}/lottie-ios/Lottie.framework",
			);
			name = "[CP] Embed Pods Frameworks";
			outputPaths = (
				"${TARGET_BUILD_DIR}/${FRAMEWORKS_FOLDER_PATH}/Alamofire.framework",
				"${TARGET_BUILD_DIR}/${FRAMEWORKS_FOLDER_PATH}/AlamofireImage.framework",
				"${TARGET_BUILD_DIR}/${FRAMEWORKS_FOLDER_PATH}/Lottie.framework",
			);
			runOnlyForDeploymentPostprocessing = 0;
			shellPath = /bin/sh;
			shellScript = "\"${SRCROOT}/Pods/Target Support Files/Pods-PaymentApp/Pods-PaymentApp-frameworks.sh\"\n";
			showEnvVarsInLog = 0;
		};
		96F3DEB386E2822438C38C37 /* [CP] Check Pods Manifest.lock */ = {
			isa = PBXShellScriptBuildPhase;
			buildActionMask = 2147483647;
			files = (
			);
			inputPaths = (
				"${PODS_PODFILE_DIR_PATH}/Podfile.lock",
				"${PODS_ROOT}/Manifest.lock",
			);
			name = "[CP] Check Pods Manifest.lock";
			outputPaths = (
				"$(DERIVED_FILE_DIR)/Pods-PaymentAppUITests-checkManifestLockResult.txt",
			);
			runOnlyForDeploymentPostprocessing = 0;
			shellPath = /bin/sh;
			shellScript = "diff \"${PODS_PODFILE_DIR_PATH}/Podfile.lock\" \"${PODS_ROOT}/Manifest.lock\" > /dev/null\nif [ $? != 0 ] ; then\n    # print error to STDERR\n    echo \"error: The sandbox is not in sync with the Podfile.lock. Run 'pod install' or update your CocoaPods installation.\" >&2\n    exit 1\nfi\n# This output is used by Xcode 'outputs' to avoid re-running this script phase.\necho \"SUCCESS\" > \"${SCRIPT_OUTPUT_FILE_0}\"\n";
			showEnvVarsInLog = 0;
		};
/* End PBXShellScriptBuildPhase section */

/* Begin PBXSourcesBuildPhase section */
		0C0E1F0621DD830D001B9452 /* Sources */ = {
			isa = PBXSourcesBuildPhase;
			buildActionMask = 2147483647;
			files = (
				0C0E1F4221DD88E9001B9452 /* InstallmentsViewController.swift in Sources */,
				0C1CB75B21DED6DD0076B1BC /* ResponseObjects.swift in Sources */,
				0C1CB75D21DED6EB0076B1BC /* RequestObjects.swift in Sources */,
				0C0E1F1021DD830D001B9452 /* BaseViewController.swift in Sources */,
				0C0E1F0E21DD830D001B9452 /* AppDelegate.swift in Sources */,
				0C1CB75821DED02F0076B1BC /* NetworkAPIManager.swift in Sources */,
				0C1CB76621E0FECB0076B1BC /* PaymentMethodCollectionViewCell.swift in Sources */,
				0C18559D21E418BB00FB888F /* Modal.swift in Sources */,
				0C1855A421E42AE300FB888F /* ErrorAlertView.swift in Sources */,
				0C18559F21E419F200FB888F /* FinalAlertView.swift in Sources */,
				0C1CB76821E2A9350076B1BC /* InstallmentTableViewCell.swift in Sources */,
				0C0E1F3E21DD8840001B9452 /* PaymentMethodViewController.swift in Sources */,
				0C0E1F4021DD884D001B9452 /* CardIssuersViewController.swift in Sources */,
				0C0E1F3C21DD8828001B9452 /* AmountViewController.swift in Sources */,
			);
			runOnlyForDeploymentPostprocessing = 0;
		};
		0C0E1F1A21DD830F001B9452 /* Sources */ = {
			isa = PBXSourcesBuildPhase;
			buildActionMask = 2147483647;
			files = (
				0C0E1F2321DD830F001B9452 /* PaymentAppTests.swift in Sources */,
			);
			runOnlyForDeploymentPostprocessing = 0;
		};
		0C0E1F2521DD830F001B9452 /* Sources */ = {
			isa = PBXSourcesBuildPhase;
			buildActionMask = 2147483647;
			files = (
				0C0E1F2E21DD830F001B9452 /* PaymentAppUITests.swift in Sources */,
			);
			runOnlyForDeploymentPostprocessing = 0;
		};
/* End PBXSourcesBuildPhase section */

/* Begin PBXTargetDependency section */
		0C0E1F2021DD830F001B9452 /* PBXTargetDependency */ = {
			isa = PBXTargetDependency;
			target = 0C0E1F0921DD830D001B9452 /* PaymentApp */;
			targetProxy = 0C0E1F1F21DD830F001B9452 /* PBXContainerItemProxy */;
		};
		0C0E1F2B21DD830F001B9452 /* PBXTargetDependency */ = {
			isa = PBXTargetDependency;
			target = 0C0E1F0921DD830D001B9452 /* PaymentApp */;
			targetProxy = 0C0E1F2A21DD830F001B9452 /* PBXContainerItemProxy */;
		};
/* End PBXTargetDependency section */

/* Begin PBXVariantGroup section */
		0C0E1F1121DD830D001B9452 /* Main.storyboard */ = {
			isa = PBXVariantGroup;
			children = (
				0C0E1F1221DD830D001B9452 /* Base */,
				0C1855A721E437F300FB888F /* es-419 */,
			);
			name = Main.storyboard;
			sourceTree = "<group>";
		};
		0C0E1F1621DD830F001B9452 /* LaunchScreen.storyboard */ = {
			isa = PBXVariantGroup;
			children = (
				0C0E1F1721DD830F001B9452 /* Base */,
				0C1855A821E437F300FB888F /* es-419 */,
			);
			name = LaunchScreen.storyboard;
			sourceTree = "<group>";
		};
/* End PBXVariantGroup section */

/* Begin XCBuildConfiguration section */
		0C0E1F3021DD830F001B9452 /* Debug */ = {
			isa = XCBuildConfiguration;
			buildSettings = {
				ALWAYS_SEARCH_USER_PATHS = NO;
				CLANG_ANALYZER_LOCALIZABILITY_NONLOCALIZED = YES;
				CLANG_ANALYZER_NONNULL = YES;
				CLANG_ANALYZER_NUMBER_OBJECT_CONVERSION = YES_AGGRESSIVE;
				CLANG_CXX_LANGUAGE_STANDARD = "gnu++14";
				CLANG_CXX_LIBRARY = "libc++";
				CLANG_ENABLE_MODULES = YES;
				CLANG_ENABLE_OBJC_ARC = YES;
				CLANG_ENABLE_OBJC_WEAK = YES;
				CLANG_WARN_BLOCK_CAPTURE_AUTORELEASING = YES;
				CLANG_WARN_BOOL_CONVERSION = YES;
				CLANG_WARN_COMMA = YES;
				CLANG_WARN_CONSTANT_CONVERSION = YES;
				CLANG_WARN_DEPRECATED_OBJC_IMPLEMENTATIONS = YES;
				CLANG_WARN_DIRECT_OBJC_ISA_USAGE = YES_ERROR;
				CLANG_WARN_DOCUMENTATION_COMMENTS = YES;
				CLANG_WARN_EMPTY_BODY = YES;
				CLANG_WARN_ENUM_CONVERSION = YES;
				CLANG_WARN_INFINITE_RECURSION = YES;
				CLANG_WARN_INT_CONVERSION = YES;
				CLANG_WARN_NON_LITERAL_NULL_CONVERSION = YES;
				CLANG_WARN_OBJC_IMPLICIT_RETAIN_SELF = YES;
				CLANG_WARN_OBJC_LITERAL_CONVERSION = YES;
				CLANG_WARN_OBJC_ROOT_CLASS = YES_ERROR;
				CLANG_WARN_RANGE_LOOP_ANALYSIS = YES;
				CLANG_WARN_STRICT_PROTOTYPES = YES;
				CLANG_WARN_SUSPICIOUS_MOVE = YES;
				CLANG_WARN_UNGUARDED_AVAILABILITY = YES_AGGRESSIVE;
				CLANG_WARN_UNREACHABLE_CODE = YES;
				CLANG_WARN__DUPLICATE_METHOD_MATCH = YES;
				CODE_SIGN_IDENTITY = "iPhone Developer";
				COPY_PHASE_STRIP = NO;
				DEBUG_INFORMATION_FORMAT = dwarf;
				ENABLE_STRICT_OBJC_MSGSEND = YES;
				ENABLE_TESTABILITY = YES;
				GCC_C_LANGUAGE_STANDARD = gnu11;
				GCC_DYNAMIC_NO_PIC = NO;
				GCC_NO_COMMON_BLOCKS = YES;
				GCC_OPTIMIZATION_LEVEL = 0;
				GCC_PREPROCESSOR_DEFINITIONS = (
					"DEBUG=1",
					"$(inherited)",
				);
				GCC_WARN_64_TO_32_BIT_CONVERSION = YES;
				GCC_WARN_ABOUT_RETURN_TYPE = YES_ERROR;
				GCC_WARN_UNDECLARED_SELECTOR = YES;
				GCC_WARN_UNINITIALIZED_AUTOS = YES_AGGRESSIVE;
				GCC_WARN_UNUSED_FUNCTION = YES;
				GCC_WARN_UNUSED_VARIABLE = YES;
				IPHONEOS_DEPLOYMENT_TARGET = 12.1;
				MTL_ENABLE_DEBUG_INFO = INCLUDE_SOURCE;
				MTL_FAST_MATH = YES;
				ONLY_ACTIVE_ARCH = YES;
				SDKROOT = iphoneos;
				SWIFT_ACTIVE_COMPILATION_CONDITIONS = DEBUG;
				SWIFT_OPTIMIZATION_LEVEL = "-Onone";
			};
			name = Debug;
		};
		0C0E1F3121DD830F001B9452 /* Release */ = {
			isa = XCBuildConfiguration;
			buildSettings = {
				ALWAYS_SEARCH_USER_PATHS = NO;
				CLANG_ANALYZER_LOCALIZABILITY_NONLOCALIZED = YES;
				CLANG_ANALYZER_NONNULL = YES;
				CLANG_ANALYZER_NUMBER_OBJECT_CONVERSION = YES_AGGRESSIVE;
				CLANG_CXX_LANGUAGE_STANDARD = "gnu++14";
				CLANG_CXX_LIBRARY = "libc++";
				CLANG_ENABLE_MODULES = YES;
				CLANG_ENABLE_OBJC_ARC = YES;
				CLANG_ENABLE_OBJC_WEAK = YES;
				CLANG_WARN_BLOCK_CAPTURE_AUTORELEASING = YES;
				CLANG_WARN_BOOL_CONVERSION = YES;
				CLANG_WARN_COMMA = YES;
				CLANG_WARN_CONSTANT_CONVERSION = YES;
				CLANG_WARN_DEPRECATED_OBJC_IMPLEMENTATIONS = YES;
				CLANG_WARN_DIRECT_OBJC_ISA_USAGE = YES_ERROR;
				CLANG_WARN_DOCUMENTATION_COMMENTS = YES;
				CLANG_WARN_EMPTY_BODY = YES;
				CLANG_WARN_ENUM_CONVERSION = YES;
				CLANG_WARN_INFINITE_RECURSION = YES;
				CLANG_WARN_INT_CONVERSION = YES;
				CLANG_WARN_NON_LITERAL_NULL_CONVERSION = YES;
				CLANG_WARN_OBJC_IMPLICIT_RETAIN_SELF = YES;
				CLANG_WARN_OBJC_LITERAL_CONVERSION = YES;
				CLANG_WARN_OBJC_ROOT_CLASS = YES_ERROR;
				CLANG_WARN_RANGE_LOOP_ANALYSIS = YES;
				CLANG_WARN_STRICT_PROTOTYPES = YES;
				CLANG_WARN_SUSPICIOUS_MOVE = YES;
				CLANG_WARN_UNGUARDED_AVAILABILITY = YES_AGGRESSIVE;
				CLANG_WARN_UNREACHABLE_CODE = YES;
				CLANG_WARN__DUPLICATE_METHOD_MATCH = YES;
				CODE_SIGN_IDENTITY = "iPhone Developer";
				COPY_PHASE_STRIP = NO;
				DEBUG_INFORMATION_FORMAT = "dwarf-with-dsym";
				ENABLE_NS_ASSERTIONS = NO;
				ENABLE_STRICT_OBJC_MSGSEND = YES;
				GCC_C_LANGUAGE_STANDARD = gnu11;
				GCC_NO_COMMON_BLOCKS = YES;
				GCC_WARN_64_TO_32_BIT_CONVERSION = YES;
				GCC_WARN_ABOUT_RETURN_TYPE = YES_ERROR;
				GCC_WARN_UNDECLARED_SELECTOR = YES;
				GCC_WARN_UNINITIALIZED_AUTOS = YES_AGGRESSIVE;
				GCC_WARN_UNUSED_FUNCTION = YES;
				GCC_WARN_UNUSED_VARIABLE = YES;
				IPHONEOS_DEPLOYMENT_TARGET = 12.1;
				MTL_ENABLE_DEBUG_INFO = NO;
				MTL_FAST_MATH = YES;
				SDKROOT = iphoneos;
				SWIFT_COMPILATION_MODE = wholemodule;
				SWIFT_OPTIMIZATION_LEVEL = "-O";
				VALIDATE_PRODUCT = YES;
			};
			name = Release;
		};
		0C0E1F3321DD830F001B9452 /* Debug */ = {
			isa = XCBuildConfiguration;
			baseConfigurationReference = F200FE53FBDE0CC2664A90C2 /* Pods-PaymentApp.debug.xcconfig */;
			buildSettings = {
				ASSETCATALOG_COMPILER_APPICON_NAME = AppIcon;
				CODE_SIGN_STYLE = Automatic;
				INFOPLIST_FILE = PaymentApp/Info.plist;
				LD_RUNPATH_SEARCH_PATHS = (
					"$(inherited)",
					"@executable_path/Frameworks",
				);
				PRODUCT_BUNDLE_IDENTIFIER = Mavzapps.PaymentApp;
				PRODUCT_NAME = "$(TARGET_NAME)";
				SWIFT_VERSION = 4.2;
				TARGETED_DEVICE_FAMILY = "1,2";
			};
			name = Debug;
		};
		0C0E1F3421DD830F001B9452 /* Release */ = {
			isa = XCBuildConfiguration;
			baseConfigurationReference = 902149D50BB5FF2331DDC41C /* Pods-PaymentApp.release.xcconfig */;
			buildSettings = {
				ASSETCATALOG_COMPILER_APPICON_NAME = AppIcon;
				CODE_SIGN_STYLE = Automatic;
				INFOPLIST_FILE = PaymentApp/Info.plist;
				LD_RUNPATH_SEARCH_PATHS = (
					"$(inherited)",
					"@executable_path/Frameworks",
				);
				PRODUCT_BUNDLE_IDENTIFIER = Mavzapps.PaymentApp;
				PRODUCT_NAME = "$(TARGET_NAME)";
				SWIFT_VERSION = 4.2;
				TARGETED_DEVICE_FAMILY = "1,2";
			};
			name = Release;
		};
		0C0E1F3621DD830F001B9452 /* Debug */ = {
			isa = XCBuildConfiguration;
			baseConfigurationReference = C7D770CB9F587C04C6714639 /* Pods-PaymentAppTests.debug.xcconfig */;
			buildSettings = {
				ALWAYS_EMBED_SWIFT_STANDARD_LIBRARIES = YES;
				BUNDLE_LOADER = "$(TEST_HOST)";
				CODE_SIGN_STYLE = Automatic;
				INFOPLIST_FILE = PaymentAppTests/Info.plist;
				LD_RUNPATH_SEARCH_PATHS = (
					"$(inherited)",
					"@executable_path/Frameworks",
					"@loader_path/Frameworks",
				);
				PRODUCT_BUNDLE_IDENTIFIER = Mavzapps.PaymentAppTests;
				PRODUCT_NAME = "$(TARGET_NAME)";
				SWIFT_VERSION = 4.2;
				TARGETED_DEVICE_FAMILY = "1,2";
				TEST_HOST = "$(BUILT_PRODUCTS_DIR)/PaymentApp.app/PaymentApp";
			};
			name = Debug;
		};
		0C0E1F3721DD830F001B9452 /* Release */ = {
			isa = XCBuildConfiguration;
			baseConfigurationReference = 3DB490C290BE48EF90DD0681 /* Pods-PaymentAppTests.release.xcconfig */;
			buildSettings = {
				ALWAYS_EMBED_SWIFT_STANDARD_LIBRARIES = YES;
				BUNDLE_LOADER = "$(TEST_HOST)";
				CODE_SIGN_STYLE = Automatic;
				INFOPLIST_FILE = PaymentAppTests/Info.plist;
				LD_RUNPATH_SEARCH_PATHS = (
					"$(inherited)",
					"@executable_path/Frameworks",
					"@loader_path/Frameworks",
				);
				PRODUCT_BUNDLE_IDENTIFIER = Mavzapps.PaymentAppTests;
				PRODUCT_NAME = "$(TARGET_NAME)";
				SWIFT_VERSION = 4.2;
				TARGETED_DEVICE_FAMILY = "1,2";
				TEST_HOST = "$(BUILT_PRODUCTS_DIR)/PaymentApp.app/PaymentApp";
			};
			name = Release;
		};
		0C0E1F3921DD830F001B9452 /* Debug */ = {
			isa = XCBuildConfiguration;
			baseConfigurationReference = 7EBB90B9F58B9CFCBE876834 /* Pods-PaymentAppUITests.debug.xcconfig */;
			buildSettings = {
				ALWAYS_EMBED_SWIFT_STANDARD_LIBRARIES = YES;
				CODE_SIGN_STYLE = Automatic;
				INFOPLIST_FILE = PaymentAppUITests/Info.plist;
				LD_RUNPATH_SEARCH_PATHS = (
					"$(inherited)",
					"@executable_path/Frameworks",
					"@loader_path/Frameworks",
				);
				PRODUCT_BUNDLE_IDENTIFIER = Mavzapps.PaymentAppUITests;
				PRODUCT_NAME = "$(TARGET_NAME)";
				SWIFT_VERSION = 4.2;
				TARGETED_DEVICE_FAMILY = "1,2";
				TEST_TARGET_NAME = PaymentApp;
			};
			name = Debug;
		};
		0C0E1F3A21DD830F001B9452 /* Release */ = {
			isa = XCBuildConfiguration;
			baseConfigurationReference = A612EEF3C52CC5FEC4D65F34 /* Pods-PaymentAppUITests.release.xcconfig */;
			buildSettings = {
				ALWAYS_EMBED_SWIFT_STANDARD_LIBRARIES = YES;
				CODE_SIGN_STYLE = Automatic;
				INFOPLIST_FILE = PaymentAppUITests/Info.plist;
				LD_RUNPATH_SEARCH_PATHS = (
					"$(inherited)",
					"@executable_path/Frameworks",
					"@loader_path/Frameworks",
				);
				PRODUCT_BUNDLE_IDENTIFIER = Mavzapps.PaymentAppUITests;
				PRODUCT_NAME = "$(TARGET_NAME)";
				SWIFT_VERSION = 4.2;
				TARGETED_DEVICE_FAMILY = "1,2";
				TEST_TARGET_NAME = PaymentApp;
			};
			name = Release;
		};
/* End XCBuildConfiguration section */

/* Begin XCConfigurationList section */
		0C0E1F0521DD830D001B9452 /* Build configuration list for PBXProject "PaymentApp" */ = {
			isa = XCConfigurationList;
			buildConfigurations = (
				0C0E1F3021DD830F001B9452 /* Debug */,
				0C0E1F3121DD830F001B9452 /* Release */,
			);
			defaultConfigurationIsVisible = 0;
			defaultConfigurationName = Release;
		};
		0C0E1F3221DD830F001B9452 /* Build configuration list for PBXNativeTarget "PaymentApp" */ = {
			isa = XCConfigurationList;
			buildConfigurations = (
				0C0E1F3321DD830F001B9452 /* Debug */,
				0C0E1F3421DD830F001B9452 /* Release */,
			);
			defaultConfigurationIsVisible = 0;
			defaultConfigurationName = Release;
		};
		0C0E1F3521DD830F001B9452 /* Build configuration list for PBXNativeTarget "PaymentAppTests" */ = {
			isa = XCConfigurationList;
			buildConfigurations = (
				0C0E1F3621DD830F001B9452 /* Debug */,
				0C0E1F3721DD830F001B9452 /* Release */,
			);
			defaultConfigurationIsVisible = 0;
			defaultConfigurationName = Release;
		};
		0C0E1F3821DD830F001B9452 /* Build configuration list for PBXNativeTarget "PaymentAppUITests" */ = {
			isa = XCConfigurationList;
			buildConfigurations = (
				0C0E1F3921DD830F001B9452 /* Debug */,
				0C0E1F3A21DD830F001B9452 /* Release */,
			);
			defaultConfigurationIsVisible = 0;
			defaultConfigurationName = Release;
		};
/* End XCConfigurationList section */
	};
	rootObject = 0C0E1F0221DD830D001B9452 /* Project object */;
}
